
Microsoft Visual Studio Solution File, Format Version 12.00
# Visual Studio Version 17
VisualStudioVersion = 17.1.32228.430
MinimumVisualStudioVersion = 10.0.40219.1
Project("{FAE04EC0-301F-11D3-BF4B-00C04F79EFBC}") = "alafrizjamesrazorpages", "alafrizjamesrazorpages\alafrizjamesrazorpages.csproj", "{3C1E4CDA-DD71-4F9B-9CF0-DA95B589B0CA}"
EndProject
Global
	GlobalSection(SolutionConfigurationPlatforms) = preSolution
		Debug|Any CPU = Debug|Any CPU
		Release|Any CPU = Release|Any CPU
	EndGlobalSection
	GlobalSection(ProjectConfigurationPlatforms) = postSolution
		{3C1E4CDA-DD71-4F9B-9CF0-DA95B589B0CA}.Debug|Any CPU.ActiveCfg = Debug|Any CPU
		{3C1E4CDA-DD71-4F9B-9CF0-DA95B589B0CA}.Debug|Any CPU.Build.0 = Debug|Any CPU
		{3C1E4CDA-DD71-4F9B-9CF0-DA95B589B0CA}.Release|Any CPU.ActiveCfg = Release|Any CPU
		{3C1E4CDA-DD71-4F9B-9CF0-DA95B589B0CA}.Release|Any CPU.Build.0 = Release|Any CPU
	EndGlobalSection
	GlobalSection(SolutionProperties) = preSolution
		HideSolutionNode = FALSE
	EndGlobalSection
	GlobalSection(ExtensibilityGlobals) = postSolution
		SolutionGuid = {CBBE55F1-09BD-41C9-AD2C-200E094D8F20}
	EndGlobalSection
EndGlobal
